
Microsoft Visual Studio Solution File, Format Version 12.00
# Visual Studio 15
VisualStudioVersion = 15.0.27703.2047
MinimumVisualStudioVersion = 10.0.40219.1
Project("{9A19103F-16F7-4668-BE54-9A1E7A4F7556}") = "Yaringa", "Yaringa\Yaringa.csproj", "{AD0E0619-1DE7-4A97-890F-F02B1D55BCF8}"
EndProject
Project("{FAE04EC0-301F-11D3-BF4B-00C04F79EFBC}") = "Yaringa.UnitTests", "Yaringa.UnitTests\Yaringa.UnitTests.csproj", "{90875670-428B-462F-8066-84194E4A01B3}"
EndProject
Global
	GlobalSection(SolutionConfigurationPlatforms) = preSolution
		Debug|Any CPU = Debug|Any CPU
		Release|Any CPU = Release|Any CPU
	EndGlobalSection
	GlobalSection(ProjectConfigurationPlatforms) = postSolution
		{AD0E0619-1DE7-4A97-890F-F02B1D55BCF8}.Debug|Any CPU.ActiveCfg = Debug|Any CPU
		{AD0E0619-1DE7-4A97-890F-F02B1D55BCF8}.Debug|Any CPU.Build.0 = Debug|Any CPU
		{AD0E0619-1DE7-4A97-890F-F02B1D55BCF8}.Release|Any CPU.ActiveCfg = Release|Any CPU
		{AD0E0619-1DE7-4A97-890F-F02B1D55BCF8}.Release|Any CPU.Build.0 = Release|Any CPU
		{90875670-428B-462F-8066-84194E4A01B3}.Debug|Any CPU.ActiveCfg = Debug|Any CPU
		{90875670-428B-462F-8066-84194E4A01B3}.Debug|Any CPU.Build.0 = Debug|Any CPU
		{90875670-428B-462F-8066-84194E4A01B3}.Release|Any CPU.ActiveCfg = Release|Any CPU
		{90875670-428B-462F-8066-84194E4A01B3}.Release|Any CPU.Build.0 = Release|Any CPU
	EndGlobalSection
	GlobalSection(SolutionProperties) = preSolution
		HideSolutionNode = FALSE
	EndGlobalSection
	GlobalSection(ExtensibilityGlobals) = postSolution
		SolutionGuid = {5E0E1C2A-CA14-4EA5-BD87-2344AAF74D01}
	EndGlobalSection
EndGlobal
